
Microsoft Visual Studio Solution File, Format Version 12.00
# Visual Studio Version 16
VisualStudioVersion = 16.0.31605.320
MinimumVisualStudioVersion = 10.0.40219.1
Project("{FAE04EC0-301F-11D3-BF4B-00C04F79EFBC}") = "idea-management-system", "idea-management-system.csproj", "{CE8034D2-8BB6-466B-B45C-7AAC0EF9B3D7}"
EndProject
Global
	GlobalSection(SolutionConfigurationPlatforms) = preSolution
		Debug|Any CPU = Debug|Any CPU
		Release|Any CPU = Release|Any CPU
	EndGlobalSection
	GlobalSection(ProjectConfigurationPlatforms) = postSolution
		{CE8034D2-8BB6-466B-B45C-7AAC0EF9B3D7}.Debug|Any CPU.ActiveCfg = Debug|Any CPU
		{CE8034D2-8BB6-466B-B45C-7AAC0EF9B3D7}.Debug|Any CPU.Build.0 = Debug|Any CPU
		{CE8034D2-8BB6-466B-B45C-7AAC0EF9B3D7}.Release|Any CPU.ActiveCfg = Release|Any CPU
		{CE8034D2-8BB6-466B-B45C-7AAC0EF9B3D7}.Release|Any CPU.Build.0 = Release|Any CPU
	EndGlobalSection
	GlobalSection(SolutionProperties) = preSolution
		HideSolutionNode = FALSE
	EndGlobalSection
	GlobalSection(ExtensibilityGlobals) = postSolution
		SolutionGuid = {B9C7CB98-9743-4845-A96E-FACEC456DF47}
	EndGlobalSection
EndGlobal
